
Microsoft Visual Studio Solution File, Format Version 11.00
# Visual Studio 2010
Project("{FAE04EC0-301F-11D3-BF4B-00C04F79EFBC}") = "UnityEngine.UI", "UnityEngine.UI.csproj", "{7639d5e5-afee-a063-9488-c7a0da7b8ac0}"
EndProject
Project("{FAE04EC0-301F-11D3-BF4B-00C04F79EFBC}") = "Assembly-CSharp", "Assembly-CSharp.csproj", "{532ccfc7-fc11-86ee-af81-b3c473016509}"
EndProject
Project("{FAE04EC0-301F-11D3-BF4B-00C04F79EFBC}") = "Unity.2D.Tilemap.Editor", "Unity.2D.Tilemap.Editor.csproj", "{5bcb2fb1-adef-dbfa-c401-9d45e30a765a}"
EndProject
Project("{FAE04EC0-301F-11D3-BF4B-00C04F79EFBC}") = "Unity.2D.Sprite.Editor", "Unity.2D.Sprite.Editor.csproj", "{40efd740-e104-3b93-4d72-c41049de231e}"
EndProject
Project("{FAE04EC0-301F-11D3-BF4B-00C04F79EFBC}") = "UnityEditor.UI", "UnityEditor.UI.csproj", "{25d9146b-ff63-b6d7-ae88-ca4fa2693e46}"
EndProject
Global
	GlobalSection(SolutionConfigurationPlatforms) = preSolution
		Debug|Any CPU = Debug|Any CPU
	EndGlobalSection
	GlobalSection(ProjectConfigurationPlatforms) = postSolution
		{7639d5e5-afee-a063-9488-c7a0da7b8ac0}.Debug|Any CPU.ActiveCfg = Debug|Any CPU
		{7639d5e5-afee-a063-9488-c7a0da7b8ac0}.Debug|Any CPU.Build.0 = Debug|Any CPU
		{532ccfc7-fc11-86ee-af81-b3c473016509}.Debug|Any CPU.ActiveCfg = Debug|Any CPU
		{532ccfc7-fc11-86ee-af81-b3c473016509}.Debug|Any CPU.Build.0 = Debug|Any CPU
		{5bcb2fb1-adef-dbfa-c401-9d45e30a765a}.Debug|Any CPU.ActiveCfg = Debug|Any CPU
		{5bcb2fb1-adef-dbfa-c401-9d45e30a765a}.Debug|Any CPU.Build.0 = Debug|Any CPU
		{40efd740-e104-3b93-4d72-c41049de231e}.Debug|Any CPU.ActiveCfg = Debug|Any CPU
		{40efd740-e104-3b93-4d72-c41049de231e}.Debug|Any CPU.Build.0 = Debug|Any CPU
		{25d9146b-ff63-b6d7-ae88-ca4fa2693e46}.Debug|Any CPU.ActiveCfg = Debug|Any CPU
		{25d9146b-ff63-b6d7-ae88-ca4fa2693e46}.Debug|Any CPU.Build.0 = Debug|Any CPU
	EndGlobalSection
	GlobalSection(SolutionProperties) = preSolution
		HideSolutionNode = FALSE
	EndGlobalSection
EndGlobal
